<?xml version="1.0" encoding="utf-8"?>
<Project ToolsVersion="4.0" xmlns="http://schemas.microsoft.com/developer/msbuild/2003">
  <ItemGroup>
    <Filter Include="Source Files">
      <UniqueIdentifier>{4FC737F1-C7A5-4376-A066-2A32D752A2FF}</UniqueIdentifier>
      <Extensions>cpp;c;cc;cxx;def;odl;idl;hpj;bat;asm;asmx</Extensions>
    </Filter>
    <Filter Include="Header Files">
      <UniqueIdentifier>{93995380-89BD-4b04-88EB-625FBE52EBFB}</UniqueIdentifier>
      <Extensions>h;hh;hpp;hxx;hm;inl;inc;xsd</Extensions>
    </Filter>
    <Filter Include="Resource Files">
      <UniqueIdentifier>{67DA6AB6-F800-4c08-8B7A-83BB121AAD01}</UniqueIdentifier>
      <Extensions>rc;ico;cur;bmp;dlg;rc2;rct;bin;rgs;gif;jpg;jpeg;jpe;resx;tiff;tif;png;wav;mfcribbon-ms</Extensions>
    </Filter>
  </ItemGroup>
  <ItemGroup>
    <ClCompile Include="danaRandomGenerators.cpp">
      <Filter>Source Files</Filter>
    </ClCompile>
    <ClCompile Include="errorMsg.cpp">
      <Filter>Source Files</Filter>
    </ClCompile>
    <ClCompile Include="euclidean_distance.cpp">
      <Filter>Source Files</Filter>
    </ClCompile>
    <ClCompile Include="logFile.cpp">
      <Filter>Source Files</Filter>
    </ClCompile>
    <ClCompile Include="param_priors.cpp">
      <Filter>Source Files</Filter>
    </ClCompile>
    <ClCompile Include="Parameters.cpp">
      <Filter>Source Files</Filter>
    </ClCompile>
    <ClCompile Include="read_seqs.cpp">
      <Filter>Source Files</Filter>
    </ClCompile>
    <ClCompile Include="readTree.cpp">
      <Filter>Source Files</Filter>
    </ClCompile>
    <ClCompile Include="sim_matrices.cpp">
      <Filter>Source Files</Filter>
    </ClCompile>
    <ClCompile Include="simulator.cpp">
      <Filter>Source Files</Filter>
    </ClCompile>
    <ClCompile Include="someUtil.cpp">
      <Filter>Source Files</Filter>
    </ClCompile>
    <ClCompile Include="SpartaABC.cpp">
      <Filter>Source Files</Filter>
    </ClCompile>
    <ClCompile Include="SpartaABC_options.cpp">
      <Filter>Source Files</Filter>
    </ClCompile>
    <ClCompile Include="summ_stats_wrapper.cpp">
      <Filter>Source Files</Filter>
    </ClCompile>
    <ClCompile Include="tree.cpp">
      <Filter>Source Files</Filter>
    </ClCompile>
    <ClCompile Include="treeIt.cpp">
      <Filter>Source Files</Filter>
    </ClCompile>
    <ClCompile Include="treeUtil.cpp">
      <Filter>Source Files</Filter>
    </ClCompile>
    <ClCompile Include="talRandom.cpp">
      <Filter>Source Files</Filter>
    </ClCompile>
    <ClCompile Include="ConversionUtils.cpp">
      <Filter>Source Files</Filter>
    </ClCompile>
    <ClCompile Include="GenomeRearrangements.cpp">
      <Filter>Source Files</Filter>
    </ClCompile>
    <ClCompile Include="ReABC.cpp">
      <Filter>Source Files</Filter>
    </ClCompile>
    <ClCompile Include="genome.cpp">
      <Filter>Source Files</Filter>
    </ClCompile>
    <ClCompile Include="genomes.cpp">
      <Filter>Source Files</Filter>
    </ClCompile>
    <ClCompile Include="trie.cpp">
      <Filter>Source Files</Filter>
    </ClCompile>
    <ClCompile Include="GRABC_options.cpp">
      <Filter>Source Files</Filter>
    </ClCompile>
    <ClCompile Include="FastZip.cpp">
      <Filter>Source Files</Filter>
    </ClCompile>
  </ItemGroup>
  <ItemGroup>
    <ClInclude Include="danaRandomGenerators.h">
      <Filter>Header Files</Filter>
    </ClInclude>
    <ClInclude Include="definitions.h">
      <Filter>Header Files</Filter>
    </ClInclude>
    <ClInclude Include="errorMsg.h">
      <Filter>Header Files</Filter>
    </ClInclude>
    <ClInclude Include="euclidean_distance.h">
      <Filter>Header Files</Filter>
    </ClInclude>
    <ClInclude Include="logFile.h">
      <Filter>Header Files</Filter>
    </ClInclude>
    <ClInclude Include="param_priors.h">
      <Filter>Header Files</Filter>
    </ClInclude>
    <ClInclude Include="Parameters.h">
      <Filter>Header Files</Filter>
    </ClInclude>
    <ClInclude Include="read_seqs.h">
      <Filter>Header Files</Filter>
    </ClInclude>
    <ClInclude Include="readTree.h">
      <Filter>Header Files</Filter>
    </ClInclude>
    <ClInclude Include="sim_matrices.h">
      <Filter>Header Files</Filter>
    </ClInclude>
    <ClInclude Include="simulator.h">
      <Filter>Header Files</Filter>
    </ClInclude>
    <ClInclude Include="someUtil.h">
      <Filter>Header Files</Filter>
    </ClInclude>
    <ClInclude Include="SpartaABC.h">
      <Filter>Header Files</Filter>
    </ClInclude>
    <ClInclude Include="SpartaABC_options.h">
      <Filter>Header Files</Filter>
    </ClInclude>
    <ClInclude Include="summ_stats_wrapper.h">
      <Filter>Header Files</Filter>
    </ClInclude>
    <ClInclude Include="summary_stats_defs.h">
      <Filter>Header Files</Filter>
    </ClInclude>
    <ClInclude Include="tree.h">
      <Filter>Header Files</Filter>
    </ClInclude>
    <ClInclude Include="treeIt.h">
      <Filter>Header Files</Filter>
    </ClInclude>
    <ClInclude Include="treeUtil.h">
      <Filter>Header Files</Filter>
    </ClInclude>
    <ClInclude Include="zipf.h">
      <Filter>Header Files</Filter>
    </ClInclude>
    <ClInclude Include="talRandom.h">
      <Filter>Header Files</Filter>
    </ClInclude>
    <ClInclude Include="ConversionUtils.h">
      <Filter>Header Files</Filter>
    </ClInclude>
    <ClInclude Include="GenomeRearrangements.h">
      <Filter>Header Files</Filter>
    </ClInclude>
    <ClInclude Include="genome.h">
      <Filter>Header Files</Filter>
    </ClInclude>
    <ClInclude Include="genomes.h">
      <Filter>Header Files</Filter>
    </ClInclude>
    <ClInclude Include="trie.h">
      <Filter>Header Files</Filter>
    </ClInclude>
    <ClInclude Include="ReABC.h">
      <Filter>Header Files</Filter>
    </ClInclude>
    <ClInclude Include="GRABC_options.h">
      <Filter>Header Files</Filter>
    </ClInclude>
    <ClInclude Include="FastZip.h">
      <Filter>Header Files</Filter>
    </ClInclude>
  </ItemGroup>
</Project>